
Microsoft Visual Studio Solution File, Format Version 12.00
# Visual Studio Version 16
VisualStudioVersion = 16.0.30803.129
MinimumVisualStudioVersion = 10.0.40219.1
Project("{2150E333-8FDC-42A3-9474-1A3956D46DE8}") = "src", "src", "{F218F777-B2A2-43D4-8541-F3DD10D83CE0}"
EndProject
Project("{9A19103F-16F7-4668-BE54-9A1E7A4F7556}") = "Codeboss", "src\Codeboss\src\Codeboss\Codeboss.csproj", "{3340BE6F-3979-45BD-AD53-3112104278C3}"
EndProject
Project("{2150E333-8FDC-42A3-9474-1A3956D46DE8}") = "Solution Items", "Solution Items", "{B5E54A4A-6452-47D9-8237-4131DFD45D6B}"
	ProjectSection(SolutionItems) = preProject
		.travis.yml = .travis.yml
		.github\workflows\main.yml = .github\workflows\main.yml
		scripts\pack.sh = scripts\pack.sh
	EndProjectSection
EndProject
Project("{9A19103F-16F7-4668-BE54-9A1E7A4F7556}") = "CodeBoss.Extensions", "src\CodeBoss.Extensions\src\CodeBoss.Extensions\CodeBoss.Extensions.csproj", "{4634A1C2-B9FA-428A-8A3F-5F7179BA0DAF}"
EndProject
Project("{9A19103F-16F7-4668-BE54-9A1E7A4F7556}") = "CodeBoss.AspNetCore", "src\CodeBoss.AspNetCore\src\CodeBoss.AspNetCore\CodeBoss.AspNetCore.csproj", "{23842C24-4070-468F-852D-B9B08E7920B9}"
EndProject
Project("{9A19103F-16F7-4668-BE54-9A1E7A4F7556}") = "CodeBoss.CQRS", "src\CodeBoss.CQRS\src\CodeBoss.CQRS\CodeBoss.CQRS.csproj", "{EF3FB939-1F0E-4A12-8435-40E91FB27A44}"
EndProject
Project("{2150E333-8FDC-42A3-9474-1A3956D46DE8}") = "tests", "tests", "{E60F2801-697D-41F7-B4F0-665185B4BE29}"
EndProject
Project("{9A19103F-16F7-4668-BE54-9A1E7A4F7556}") = "CodeBoss.AspNetCore.Tests", "tests\CodeBoss.AspNetCore.Tests\CodeBoss.AspNetCore.Tests.csproj", "{2C597CBD-F77A-4F24-832C-519D1F978489}"
EndProject
Project("{9A19103F-16F7-4668-BE54-9A1E7A4F7556}") = "CodeBoss.MultiTenant", "src\CodeBoss.MultiTenant\src\CodeBoss.MultiTenant\CodeBoss.MultiTenant.csproj", "{0CB36332-3B8F-4992-B634-79A5C2A6DFB0}"
EndProject
Global
	GlobalSection(SolutionConfigurationPlatforms) = preSolution
		Debug|Any CPU = Debug|Any CPU
		Release|Any CPU = Release|Any CPU
	EndGlobalSection
	GlobalSection(ProjectConfigurationPlatforms) = postSolution
		{3340BE6F-3979-45BD-AD53-3112104278C3}.Debug|Any CPU.ActiveCfg = Debug|Any CPU
		{3340BE6F-3979-45BD-AD53-3112104278C3}.Debug|Any CPU.Build.0 = Debug|Any CPU
		{3340BE6F-3979-45BD-AD53-3112104278C3}.Release|Any CPU.ActiveCfg = Release|Any CPU
		{3340BE6F-3979-45BD-AD53-3112104278C3}.Release|Any CPU.Build.0 = Release|Any CPU
		{4634A1C2-B9FA-428A-8A3F-5F7179BA0DAF}.Debug|Any CPU.ActiveCfg = Debug|Any CPU
		{4634A1C2-B9FA-428A-8A3F-5F7179BA0DAF}.Debug|Any CPU.Build.0 = Debug|Any CPU
		{4634A1C2-B9FA-428A-8A3F-5F7179BA0DAF}.Release|Any CPU.ActiveCfg = Release|Any CPU
		{4634A1C2-B9FA-428A-8A3F-5F7179BA0DAF}.Release|Any CPU.Build.0 = Release|Any CPU
		{23842C24-4070-468F-852D-B9B08E7920B9}.Debug|Any CPU.ActiveCfg = Debug|Any CPU
		{23842C24-4070-468F-852D-B9B08E7920B9}.Debug|Any CPU.Build.0 = Debug|Any CPU
		{23842C24-4070-468F-852D-B9B08E7920B9}.Release|Any CPU.ActiveCfg = Release|Any CPU
		{23842C24-4070-468F-852D-B9B08E7920B9}.Release|Any CPU.Build.0 = Release|Any CPU
		{EF3FB939-1F0E-4A12-8435-40E91FB27A44}.Debug|Any CPU.ActiveCfg = Debug|Any CPU
		{EF3FB939-1F0E-4A12-8435-40E91FB27A44}.Debug|Any CPU.Build.0 = Debug|Any CPU
		{EF3FB939-1F0E-4A12-8435-40E91FB27A44}.Release|Any CPU.ActiveCfg = Release|Any CPU
		{EF3FB939-1F0E-4A12-8435-40E91FB27A44}.Release|Any CPU.Build.0 = Release|Any CPU
		{2C597CBD-F77A-4F24-832C-519D1F978489}.Debug|Any CPU.ActiveCfg = Debug|Any CPU
		{2C597CBD-F77A-4F24-832C-519D1F978489}.Debug|Any CPU.Build.0 = Debug|Any CPU
		{2C597CBD-F77A-4F24-832C-519D1F978489}.Release|Any CPU.ActiveCfg = Release|Any CPU
		{2C597CBD-F77A-4F24-832C-519D1F978489}.Release|Any CPU.Build.0 = Release|Any CPU
		{0CB36332-3B8F-4992-B634-79A5C2A6DFB0}.Debug|Any CPU.ActiveCfg = Debug|Any CPU
		{0CB36332-3B8F-4992-B634-79A5C2A6DFB0}.Debug|Any CPU.Build.0 = Debug|Any CPU
		{0CB36332-3B8F-4992-B634-79A5C2A6DFB0}.Release|Any CPU.ActiveCfg = Release|Any CPU
		{0CB36332-3B8F-4992-B634-79A5C2A6DFB0}.Release|Any CPU.Build.0 = Release|Any CPU
	EndGlobalSection
	GlobalSection(SolutionProperties) = preSolution
		HideSolutionNode = FALSE
	EndGlobalSection
	GlobalSection(NestedProjects) = preSolution
		{3340BE6F-3979-45BD-AD53-3112104278C3} = {F218F777-B2A2-43D4-8541-F3DD10D83CE0}
		{4634A1C2-B9FA-428A-8A3F-5F7179BA0DAF} = {F218F777-B2A2-43D4-8541-F3DD10D83CE0}
		{23842C24-4070-468F-852D-B9B08E7920B9} = {F218F777-B2A2-43D4-8541-F3DD10D83CE0}
		{EF3FB939-1F0E-4A12-8435-40E91FB27A44} = {F218F777-B2A2-43D4-8541-F3DD10D83CE0}
		{2C597CBD-F77A-4F24-832C-519D1F978489} = {E60F2801-697D-41F7-B4F0-665185B4BE29}
		{0CB36332-3B8F-4992-B634-79A5C2A6DFB0} = {F218F777-B2A2-43D4-8541-F3DD10D83CE0}
	EndGlobalSection
	GlobalSection(ExtensibilityGlobals) = postSolution
		SolutionGuid = {123A5DE1-5C91-4AC3-8911-F09D27B0609A}
	EndGlobalSection
EndGlobal
