
Microsoft Visual Studio Solution File, Format Version 12.00
# Visual Studio Version 16
VisualStudioVersion = 16.0.30803.129
MinimumVisualStudioVersion = 10.0.40219.1
Project("{2150E333-8FDC-42A3-9474-1A3956D46DE8}") = "src", "src", "{F218F777-B2A2-43D4-8541-F3DD10D83CE0}"
EndProject
Project("{9A19103F-16F7-4668-BE54-9A1E7A4F7556}") = "Codeboss", "src\Codeboss\src\Codeboss\Codeboss.csproj", "{3340BE6F-3979-45BD-AD53-3112104278C3}"
EndProject
Project("{2150E333-8FDC-42A3-9474-1A3956D46DE8}") = "Solution Items", "Solution Items", "{B5E54A4A-6452-47D9-8237-4131DFD45D6B}"
	ProjectSection(SolutionItems) = preProject
		.travis.yml = .travis.yml
		.github\workflows\main.yml = .github\workflows\main.yml
		scripts\pack.sh = scripts\pack.sh
		Directory.Packages.props = Directory.Packages.props
	EndProjectSection
EndProject
Project("{9A19103F-16F7-4668-BE54-9A1E7A4F7556}") = "CodeBoss.Extensions", "src\CodeBoss.Extensions\src\CodeBoss.Extensions\CodeBoss.Extensions.csproj", "{4634A1C2-B9FA-428A-8A3F-5F7179BA0DAF}"
EndProject
Project("{9A19103F-16F7-4668-BE54-9A1E7A4F7556}") = "CodeBoss.AspNetCore", "src\CodeBoss.AspNetCore\src\CodeBoss.AspNetCore\CodeBoss.AspNetCore.csproj", "{23842C24-4070-468F-852D-B9B08E7920B9}"
EndProject
Project("{2150E333-8FDC-42A3-9474-1A3956D46DE8}") = "tests", "tests", "{E60F2801-697D-41F7-B4F0-665185B4BE29}"
EndProject
Project("{9A19103F-16F7-4668-BE54-9A1E7A4F7556}") = "CodeBoss.AspNetCore.Tests", "tests\CodeBoss.AspNetCore.Tests\CodeBoss.AspNetCore.Tests.csproj", "{2C597CBD-F77A-4F24-832C-519D1F978489}"
EndProject
Project("{9A19103F-16F7-4668-BE54-9A1E7A4F7556}") = "CodeBoss.MultiTenant", "src\CodeBoss.MultiTenant\src\CodeBoss.MultiTenant\CodeBoss.MultiTenant.csproj", "{0CB36332-3B8F-4992-B634-79A5C2A6DFB0}"
EndProject
Project("{FAE04EC0-301F-11D3-BF4B-00C04F79EFBC}") = "CodeBoss.Jobs", "src\CodeBoss.Jobs\src\CodeBoss.Jobs\CodeBoss.Jobs.csproj", "{E2EC9697-CD22-49A0-92BD-37A0850B32C6}"
EndProject
Project("{FAE04EC0-301F-11D3-BF4B-00C04F79EFBC}") = "CodeBoss.Extensions.Tests", "tests\CodeBoss.Extensions.Tests\CodeBoss.Extensions.Tests.csproj", "{C419F5F3-92F2-4C1C-80B7-44252E3157C3}"
EndProject
Project("{FAE04EC0-301F-11D3-BF4B-00C04F79EFBC}") = "CodeBoss.Jobs.Tests", "tests\CodeBoss.Jobs.Tests\CodeBoss.Jobs.Tests.csproj", "{427CE40C-A40C-4C44-B9D5-2CE7DA4ABB2D}"
EndProject
Project("{FAE04EC0-301F-11D3-BF4B-00C04F79EFBC}") = "CodeBoss.Logging", "src\CodeBoss.Logging\src\CodeBoss.Logging\CodeBoss.Logging.csproj", "{4A0867C4-B1A6-4783-AD68-09394A42E161}"
EndProject
Project("{FAE04EC0-301F-11D3-BF4B-00C04F79EFBC}") = "CodeBoss.Jobs.EntityFrameworkCore", "src\CodeBoss.Jobs.EntityFrameworkCore\src\CodeBoss.Jobs.EntityFrameworkCore\CodeBoss.Jobs.EntityFrameworkCore.csproj", "{FA0076DC-A7F2-41A3-8AC7-59F02B8BFB33}"
EndProject
Project("{FAE04EC0-301F-11D3-BF4B-00C04F79EFBC}") = "CodeBoss.Jobs.EntityFrameworkCore.Tests", "tests\CodeBoss.Jobs.EntityFrameworkCore.Tests\CodeBoss.Jobs.EntityFrameworkCore.Tests.csproj", "{EF1359B8-F849-4CD9-BA42-B3A3AE8AB6FD}"
EndProject
Project("{FAE04EC0-301F-11D3-BF4B-00C04F79EFBC}") = "CodeBoss.Jobs.IntegrationTests", "tests\CodeBoss.Jobs.IntegrationTests\CodeBoss.Jobs.IntegrationTests.csproj", "{6C772735-88D6-4C8A-BC21-5A6D6B137B26}"
EndProject
Global
	GlobalSection(SolutionConfigurationPlatforms) = preSolution
		Debug|Any CPU = Debug|Any CPU
		Debug|x64 = Debug|x64
		Debug|x86 = Debug|x86
		Release|Any CPU = Release|Any CPU
		Release|x64 = Release|x64
		Release|x86 = Release|x86
	EndGlobalSection
	GlobalSection(ProjectConfigurationPlatforms) = postSolution
		{3340BE6F-3979-45BD-AD53-3112104278C3}.Debug|Any CPU.ActiveCfg = Debug|Any CPU
		{3340BE6F-3979-45BD-AD53-3112104278C3}.Debug|Any CPU.Build.0 = Debug|Any CPU
		{3340BE6F-3979-45BD-AD53-3112104278C3}.Debug|x64.ActiveCfg = Debug|Any CPU
		{3340BE6F-3979-45BD-AD53-3112104278C3}.Debug|x64.Build.0 = Debug|Any CPU
		{3340BE6F-3979-45BD-AD53-3112104278C3}.Debug|x86.ActiveCfg = Debug|Any CPU
		{3340BE6F-3979-45BD-AD53-3112104278C3}.Debug|x86.Build.0 = Debug|Any CPU
		{3340BE6F-3979-45BD-AD53-3112104278C3}.Release|Any CPU.ActiveCfg = Release|Any CPU
		{3340BE6F-3979-45BD-AD53-3112104278C3}.Release|Any CPU.Build.0 = Release|Any CPU
		{3340BE6F-3979-45BD-AD53-3112104278C3}.Release|x64.ActiveCfg = Release|Any CPU
		{3340BE6F-3979-45BD-AD53-3112104278C3}.Release|x64.Build.0 = Release|Any CPU
		{3340BE6F-3979-45BD-AD53-3112104278C3}.Release|x86.ActiveCfg = Release|Any CPU
		{3340BE6F-3979-45BD-AD53-3112104278C3}.Release|x86.Build.0 = Release|Any CPU
		{4634A1C2-B9FA-428A-8A3F-5F7179BA0DAF}.Debug|Any CPU.ActiveCfg = Debug|Any CPU
		{4634A1C2-B9FA-428A-8A3F-5F7179BA0DAF}.Debug|Any CPU.Build.0 = Debug|Any CPU
		{4634A1C2-B9FA-428A-8A3F-5F7179BA0DAF}.Debug|x64.ActiveCfg = Debug|Any CPU
		{4634A1C2-B9FA-428A-8A3F-5F7179BA0DAF}.Debug|x64.Build.0 = Debug|Any CPU
		{4634A1C2-B9FA-428A-8A3F-5F7179BA0DAF}.Debug|x86.ActiveCfg = Debug|Any CPU
		{4634A1C2-B9FA-428A-8A3F-5F7179BA0DAF}.Debug|x86.Build.0 = Debug|Any CPU
		{4634A1C2-B9FA-428A-8A3F-5F7179BA0DAF}.Release|Any CPU.ActiveCfg = Release|Any CPU
		{4634A1C2-B9FA-428A-8A3F-5F7179BA0DAF}.Release|Any CPU.Build.0 = Release|Any CPU
		{4634A1C2-B9FA-428A-8A3F-5F7179BA0DAF}.Release|x64.ActiveCfg = Release|Any CPU
		{4634A1C2-B9FA-428A-8A3F-5F7179BA0DAF}.Release|x64.Build.0 = Release|Any CPU
		{4634A1C2-B9FA-428A-8A3F-5F7179BA0DAF}.Release|x86.ActiveCfg = Release|Any CPU
		{4634A1C2-B9FA-428A-8A3F-5F7179BA0DAF}.Release|x86.Build.0 = Release|Any CPU
		{23842C24-4070-468F-852D-B9B08E7920B9}.Debug|Any CPU.ActiveCfg = Debug|Any CPU
		{23842C24-4070-468F-852D-B9B08E7920B9}.Debug|Any CPU.Build.0 = Debug|Any CPU
		{23842C24-4070-468F-852D-B9B08E7920B9}.Debug|x64.ActiveCfg = Debug|Any CPU
		{23842C24-4070-468F-852D-B9B08E7920B9}.Debug|x64.Build.0 = Debug|Any CPU
		{23842C24-4070-468F-852D-B9B08E7920B9}.Debug|x86.ActiveCfg = Debug|Any CPU
		{23842C24-4070-468F-852D-B9B08E7920B9}.Debug|x86.Build.0 = Debug|Any CPU
		{23842C24-4070-468F-852D-B9B08E7920B9}.Release|Any CPU.ActiveCfg = Release|Any CPU
		{23842C24-4070-468F-852D-B9B08E7920B9}.Release|Any CPU.Build.0 = Release|Any CPU
		{23842C24-4070-468F-852D-B9B08E7920B9}.Release|x64.ActiveCfg = Release|Any CPU
		{23842C24-4070-468F-852D-B9B08E7920B9}.Release|x64.Build.0 = Release|Any CPU
		{23842C24-4070-468F-852D-B9B08E7920B9}.Release|x86.ActiveCfg = Release|Any CPU
		{23842C24-4070-468F-852D-B9B08E7920B9}.Release|x86.Build.0 = Release|Any CPU
		{2C597CBD-F77A-4F24-832C-519D1F978489}.Debug|Any CPU.ActiveCfg = Debug|Any CPU
		{2C597CBD-F77A-4F24-832C-519D1F978489}.Debug|Any CPU.Build.0 = Debug|Any CPU
		{2C597CBD-F77A-4F24-832C-519D1F978489}.Debug|x64.ActiveCfg = Debug|Any CPU
		{2C597CBD-F77A-4F24-832C-519D1F978489}.Debug|x64.Build.0 = Debug|Any CPU
		{2C597CBD-F77A-4F24-832C-519D1F978489}.Debug|x86.ActiveCfg = Debug|Any CPU
		{2C597CBD-F77A-4F24-832C-519D1F978489}.Debug|x86.Build.0 = Debug|Any CPU
		{2C597CBD-F77A-4F24-832C-519D1F978489}.Release|Any CPU.ActiveCfg = Release|Any CPU
		{2C597CBD-F77A-4F24-832C-519D1F978489}.Release|Any CPU.Build.0 = Release|Any CPU
		{2C597CBD-F77A-4F24-832C-519D1F978489}.Release|x64.ActiveCfg = Release|Any CPU
		{2C597CBD-F77A-4F24-832C-519D1F978489}.Release|x64.Build.0 = Release|Any CPU
		{2C597CBD-F77A-4F24-832C-519D1F978489}.Release|x86.ActiveCfg = Release|Any CPU
		{2C597CBD-F77A-4F24-832C-519D1F978489}.Release|x86.Build.0 = Release|Any CPU
		{0CB36332-3B8F-4992-B634-79A5C2A6DFB0}.Debug|Any CPU.ActiveCfg = Debug|Any CPU
		{0CB36332-3B8F-4992-B634-79A5C2A6DFB0}.Debug|Any CPU.Build.0 = Debug|Any CPU
		{0CB36332-3B8F-4992-B634-79A5C2A6DFB0}.Debug|x64.ActiveCfg = Debug|Any CPU
		{0CB36332-3B8F-4992-B634-79A5C2A6DFB0}.Debug|x64.Build.0 = Debug|Any CPU
		{0CB36332-3B8F-4992-B634-79A5C2A6DFB0}.Debug|x86.ActiveCfg = Debug|Any CPU
		{0CB36332-3B8F-4992-B634-79A5C2A6DFB0}.Debug|x86.Build.0 = Debug|Any CPU
		{0CB36332-3B8F-4992-B634-79A5C2A6DFB0}.Release|Any CPU.ActiveCfg = Release|Any CPU
		{0CB36332-3B8F-4992-B634-79A5C2A6DFB0}.Release|Any CPU.Build.0 = Release|Any CPU
		{0CB36332-3B8F-4992-B634-79A5C2A6DFB0}.Release|x64.ActiveCfg = Release|Any CPU
		{0CB36332-3B8F-4992-B634-79A5C2A6DFB0}.Release|x64.Build.0 = Release|Any CPU
		{0CB36332-3B8F-4992-B634-79A5C2A6DFB0}.Release|x86.ActiveCfg = Release|Any CPU
		{0CB36332-3B8F-4992-B634-79A5C2A6DFB0}.Release|x86.Build.0 = Release|Any CPU
		{E2EC9697-CD22-49A0-92BD-37A0850B32C6}.Debug|Any CPU.ActiveCfg = Debug|Any CPU
		{E2EC9697-CD22-49A0-92BD-37A0850B32C6}.Debug|Any CPU.Build.0 = Debug|Any CPU
		{E2EC9697-CD22-49A0-92BD-37A0850B32C6}.Debug|x64.ActiveCfg = Debug|Any CPU
		{E2EC9697-CD22-49A0-92BD-37A0850B32C6}.Debug|x64.Build.0 = Debug|Any CPU
		{E2EC9697-CD22-49A0-92BD-37A0850B32C6}.Debug|x86.ActiveCfg = Debug|Any CPU
		{E2EC9697-CD22-49A0-92BD-37A0850B32C6}.Debug|x86.Build.0 = Debug|Any CPU
		{E2EC9697-CD22-49A0-92BD-37A0850B32C6}.Release|Any CPU.ActiveCfg = Release|Any CPU
		{E2EC9697-CD22-49A0-92BD-37A0850B32C6}.Release|Any CPU.Build.0 = Release|Any CPU
		{E2EC9697-CD22-49A0-92BD-37A0850B32C6}.Release|x64.ActiveCfg = Release|Any CPU
		{E2EC9697-CD22-49A0-92BD-37A0850B32C6}.Release|x64.Build.0 = Release|Any CPU
		{E2EC9697-CD22-49A0-92BD-37A0850B32C6}.Release|x86.ActiveCfg = Release|Any CPU
		{E2EC9697-CD22-49A0-92BD-37A0850B32C6}.Release|x86.Build.0 = Release|Any CPU
		{C419F5F3-92F2-4C1C-80B7-44252E3157C3}.Debug|Any CPU.ActiveCfg = Debug|Any CPU
		{C419F5F3-92F2-4C1C-80B7-44252E3157C3}.Debug|Any CPU.Build.0 = Debug|Any CPU
		{C419F5F3-92F2-4C1C-80B7-44252E3157C3}.Debug|x64.ActiveCfg = Debug|Any CPU
		{C419F5F3-92F2-4C1C-80B7-44252E3157C3}.Debug|x64.Build.0 = Debug|Any CPU
		{C419F5F3-92F2-4C1C-80B7-44252E3157C3}.Debug|x86.ActiveCfg = Debug|Any CPU
		{C419F5F3-92F2-4C1C-80B7-44252E3157C3}.Debug|x86.Build.0 = Debug|Any CPU
		{C419F5F3-92F2-4C1C-80B7-44252E3157C3}.Release|Any CPU.ActiveCfg = Release|Any CPU
		{C419F5F3-92F2-4C1C-80B7-44252E3157C3}.Release|Any CPU.Build.0 = Release|Any CPU
		{C419F5F3-92F2-4C1C-80B7-44252E3157C3}.Release|x64.ActiveCfg = Release|Any CPU
		{C419F5F3-92F2-4C1C-80B7-44252E3157C3}.Release|x64.Build.0 = Release|Any CPU
		{C419F5F3-92F2-4C1C-80B7-44252E3157C3}.Release|x86.ActiveCfg = Release|Any CPU
		{C419F5F3-92F2-4C1C-80B7-44252E3157C3}.Release|x86.Build.0 = Release|Any CPU
		{427CE40C-A40C-4C44-B9D5-2CE7DA4ABB2D}.Debug|Any CPU.ActiveCfg = Debug|Any CPU
		{427CE40C-A40C-4C44-B9D5-2CE7DA4ABB2D}.Debug|Any CPU.Build.0 = Debug|Any CPU
		{427CE40C-A40C-4C44-B9D5-2CE7DA4ABB2D}.Debug|x64.ActiveCfg = Debug|Any CPU
		{427CE40C-A40C-4C44-B9D5-2CE7DA4ABB2D}.Debug|x64.Build.0 = Debug|Any CPU
		{427CE40C-A40C-4C44-B9D5-2CE7DA4ABB2D}.Debug|x86.ActiveCfg = Debug|Any CPU
		{427CE40C-A40C-4C44-B9D5-2CE7DA4ABB2D}.Debug|x86.Build.0 = Debug|Any CPU
		{427CE40C-A40C-4C44-B9D5-2CE7DA4ABB2D}.Release|Any CPU.ActiveCfg = Release|Any CPU
		{427CE40C-A40C-4C44-B9D5-2CE7DA4ABB2D}.Release|Any CPU.Build.0 = Release|Any CPU
		{427CE40C-A40C-4C44-B9D5-2CE7DA4ABB2D}.Release|x64.ActiveCfg = Release|Any CPU
		{427CE40C-A40C-4C44-B9D5-2CE7DA4ABB2D}.Release|x64.Build.0 = Release|Any CPU
		{427CE40C-A40C-4C44-B9D5-2CE7DA4ABB2D}.Release|x86.ActiveCfg = Release|Any CPU
		{427CE40C-A40C-4C44-B9D5-2CE7DA4ABB2D}.Release|x86.Build.0 = Release|Any CPU
		{4A0867C4-B1A6-4783-AD68-09394A42E161}.Debug|Any CPU.ActiveCfg = Debug|Any CPU
		{4A0867C4-B1A6-4783-AD68-09394A42E161}.Debug|Any CPU.Build.0 = Debug|Any CPU
		{4A0867C4-B1A6-4783-AD68-09394A42E161}.Debug|x64.ActiveCfg = Debug|Any CPU
		{4A0867C4-B1A6-4783-AD68-09394A42E161}.Debug|x64.Build.0 = Debug|Any CPU
		{4A0867C4-B1A6-4783-AD68-09394A42E161}.Debug|x86.ActiveCfg = Debug|Any CPU
		{4A0867C4-B1A6-4783-AD68-09394A42E161}.Debug|x86.Build.0 = Debug|Any CPU
		{4A0867C4-B1A6-4783-AD68-09394A42E161}.Release|Any CPU.ActiveCfg = Release|Any CPU
		{4A0867C4-B1A6-4783-AD68-09394A42E161}.Release|Any CPU.Build.0 = Release|Any CPU
		{4A0867C4-B1A6-4783-AD68-09394A42E161}.Release|x64.ActiveCfg = Release|Any CPU
		{4A0867C4-B1A6-4783-AD68-09394A42E161}.Release|x64.Build.0 = Release|Any CPU
		{4A0867C4-B1A6-4783-AD68-09394A42E161}.Release|x86.ActiveCfg = Release|Any CPU
		{4A0867C4-B1A6-4783-AD68-09394A42E161}.Release|x86.Build.0 = Release|Any CPU
		{FA0076DC-A7F2-41A3-8AC7-59F02B8BFB33}.Debug|Any CPU.ActiveCfg = Debug|Any CPU
		{FA0076DC-A7F2-41A3-8AC7-59F02B8BFB33}.Debug|Any CPU.Build.0 = Debug|Any CPU
		{FA0076DC-A7F2-41A3-8AC7-59F02B8BFB33}.Debug|x64.ActiveCfg = Debug|Any CPU
		{FA0076DC-A7F2-41A3-8AC7-59F02B8BFB33}.Debug|x64.Build.0 = Debug|Any CPU
		{FA0076DC-A7F2-41A3-8AC7-59F02B8BFB33}.Debug|x86.ActiveCfg = Debug|Any CPU
		{FA0076DC-A7F2-41A3-8AC7-59F02B8BFB33}.Debug|x86.Build.0 = Debug|Any CPU
		{FA0076DC-A7F2-41A3-8AC7-59F02B8BFB33}.Release|Any CPU.ActiveCfg = Release|Any CPU
		{FA0076DC-A7F2-41A3-8AC7-59F02B8BFB33}.Release|Any CPU.Build.0 = Release|Any CPU
		{FA0076DC-A7F2-41A3-8AC7-59F02B8BFB33}.Release|x64.ActiveCfg = Release|Any CPU
		{FA0076DC-A7F2-41A3-8AC7-59F02B8BFB33}.Release|x64.Build.0 = Release|Any CPU
		{FA0076DC-A7F2-41A3-8AC7-59F02B8BFB33}.Release|x86.ActiveCfg = Release|Any CPU
		{FA0076DC-A7F2-41A3-8AC7-59F02B8BFB33}.Release|x86.Build.0 = Release|Any CPU
		{EF1359B8-F849-4CD9-BA42-B3A3AE8AB6FD}.Debug|Any CPU.ActiveCfg = Debug|Any CPU
		{EF1359B8-F849-4CD9-BA42-B3A3AE8AB6FD}.Debug|Any CPU.Build.0 = Debug|Any CPU
		{EF1359B8-F849-4CD9-BA42-B3A3AE8AB6FD}.Debug|x64.ActiveCfg = Debug|Any CPU
		{EF1359B8-F849-4CD9-BA42-B3A3AE8AB6FD}.Debug|x64.Build.0 = Debug|Any CPU
		{EF1359B8-F849-4CD9-BA42-B3A3AE8AB6FD}.Debug|x86.ActiveCfg = Debug|Any CPU
		{EF1359B8-F849-4CD9-BA42-B3A3AE8AB6FD}.Debug|x86.Build.0 = Debug|Any CPU
		{EF1359B8-F849-4CD9-BA42-B3A3AE8AB6FD}.Release|Any CPU.ActiveCfg = Release|Any CPU
		{EF1359B8-F849-4CD9-BA42-B3A3AE8AB6FD}.Release|Any CPU.Build.0 = Release|Any CPU
		{EF1359B8-F849-4CD9-BA42-B3A3AE8AB6FD}.Release|x64.ActiveCfg = Release|Any CPU
		{EF1359B8-F849-4CD9-BA42-B3A3AE8AB6FD}.Release|x64.Build.0 = Release|Any CPU
		{EF1359B8-F849-4CD9-BA42-B3A3AE8AB6FD}.Release|x86.ActiveCfg = Release|Any CPU
		{EF1359B8-F849-4CD9-BA42-B3A3AE8AB6FD}.Release|x86.Build.0 = Release|Any CPU
		{6C772735-88D6-4C8A-BC21-5A6D6B137B26}.Debug|Any CPU.ActiveCfg = Debug|Any CPU
		{6C772735-88D6-4C8A-BC21-5A6D6B137B26}.Debug|Any CPU.Build.0 = Debug|Any CPU
		{6C772735-88D6-4C8A-BC21-5A6D6B137B26}.Debug|x64.ActiveCfg = Debug|Any CPU
		{6C772735-88D6-4C8A-BC21-5A6D6B137B26}.Debug|x64.Build.0 = Debug|Any CPU
		{6C772735-88D6-4C8A-BC21-5A6D6B137B26}.Debug|x86.ActiveCfg = Debug|Any CPU
		{6C772735-88D6-4C8A-BC21-5A6D6B137B26}.Debug|x86.Build.0 = Debug|Any CPU
		{6C772735-88D6-4C8A-BC21-5A6D6B137B26}.Release|Any CPU.ActiveCfg = Release|Any CPU
		{6C772735-88D6-4C8A-BC21-5A6D6B137B26}.Release|Any CPU.Build.0 = Release|Any CPU
		{6C772735-88D6-4C8A-BC21-5A6D6B137B26}.Release|x64.ActiveCfg = Release|Any CPU
		{6C772735-88D6-4C8A-BC21-5A6D6B137B26}.Release|x64.Build.0 = Release|Any CPU
		{6C772735-88D6-4C8A-BC21-5A6D6B137B26}.Release|x86.ActiveCfg = Release|Any CPU
		{6C772735-88D6-4C8A-BC21-5A6D6B137B26}.Release|x86.Build.0 = Release|Any CPU
	EndGlobalSection
	GlobalSection(SolutionProperties) = preSolution
		HideSolutionNode = FALSE
	EndGlobalSection
	GlobalSection(NestedProjects) = preSolution
		{3340BE6F-3979-45BD-AD53-3112104278C3} = {F218F777-B2A2-43D4-8541-F3DD10D83CE0}
		{4634A1C2-B9FA-428A-8A3F-5F7179BA0DAF} = {F218F777-B2A2-43D4-8541-F3DD10D83CE0}
		{23842C24-4070-468F-852D-B9B08E7920B9} = {F218F777-B2A2-43D4-8541-F3DD10D83CE0}
		{2C597CBD-F77A-4F24-832C-519D1F978489} = {E60F2801-697D-41F7-B4F0-665185B4BE29}
		{0CB36332-3B8F-4992-B634-79A5C2A6DFB0} = {F218F777-B2A2-43D4-8541-F3DD10D83CE0}
		{E2EC9697-CD22-49A0-92BD-37A0850B32C6} = {F218F777-B2A2-43D4-8541-F3DD10D83CE0}
		{C419F5F3-92F2-4C1C-80B7-44252E3157C3} = {E60F2801-697D-41F7-B4F0-665185B4BE29}
		{427CE40C-A40C-4C44-B9D5-2CE7DA4ABB2D} = {E60F2801-697D-41F7-B4F0-665185B4BE29}
		{4A0867C4-B1A6-4783-AD68-09394A42E161} = {F218F777-B2A2-43D4-8541-F3DD10D83CE0}
		{FA0076DC-A7F2-41A3-8AC7-59F02B8BFB33} = {F218F777-B2A2-43D4-8541-F3DD10D83CE0}
		{EF1359B8-F849-4CD9-BA42-B3A3AE8AB6FD} = {E60F2801-697D-41F7-B4F0-665185B4BE29}
		{6C772735-88D6-4C8A-BC21-5A6D6B137B26} = {E60F2801-697D-41F7-B4F0-665185B4BE29}
	EndGlobalSection
	GlobalSection(ExtensibilityGlobals) = postSolution
		SolutionGuid = {123A5DE1-5C91-4AC3-8911-F09D27B0609A}
	EndGlobalSection
EndGlobal
